
Microsoft Visual Studio Solution File, Format Version 12.00
# Visual Studio Version 16
VisualStudioVersion = 16.0.31702.278
MinimumVisualStudioVersion = 10.0.40219.1
Project("{FAE04EC0-301F-11D3-BF4B-00C04F79EFBC}") = "RelativeLayout.Android", "RelativeLayout\RelativeLayout.Android\RelativeLayout.Android.csproj", "{9521CAA5-DEEB-4772-A9DF-4F6BF443F39D}"
EndProject
Project("{FAE04EC0-301F-11D3-BF4B-00C04F79EFBC}") = "RelativeLayout.iOS", "RelativeLayout\RelativeLayout.iOS\RelativeLayout.iOS.csproj", "{0903A2E7-ACDF-42B0-B3E0-31B064A8964C}"
EndProject
Project("{FAE04EC0-301F-11D3-BF4B-00C04F79EFBC}") = "RelativeLayout", "RelativeLayout\RelativeLayout\RelativeLayout.csproj", "{441DC81E-E69B-4457-93CD-55FF36333712}"
EndProject
Global
	GlobalSection(SolutionConfigurationPlatforms) = preSolution
		Debug|Any CPU = Debug|Any CPU
		Debug|iPhone = Debug|iPhone
		Debug|iPhoneSimulator = Debug|iPhoneSimulator
		Release|Any CPU = Release|Any CPU
		Release|iPhone = Release|iPhone
		Release|iPhoneSimulator = Release|iPhoneSimulator
	EndGlobalSection
	GlobalSection(ProjectConfigurationPlatforms) = postSolution
		{9521CAA5-DEEB-4772-A9DF-4F6BF443F39D}.Debug|Any CPU.ActiveCfg = Debug|Any CPU
		{9521CAA5-DEEB-4772-A9DF-4F6BF443F39D}.Debug|Any CPU.Build.0 = Debug|Any CPU
		{9521CAA5-DEEB-4772-A9DF-4F6BF443F39D}.Debug|Any CPU.Deploy.0 = Debug|Any CPU
		{9521CAA5-DEEB-4772-A9DF-4F6BF443F39D}.Debug|iPhone.ActiveCfg = Debug|Any CPU
		{9521CAA5-DEEB-4772-A9DF-4F6BF443F39D}.Debug|iPhone.Build.0 = Debug|Any CPU
		{9521CAA5-DEEB-4772-A9DF-4F6BF443F39D}.Debug|iPhone.Deploy.0 = Debug|Any CPU
		{9521CAA5-DEEB-4772-A9DF-4F6BF443F39D}.Debug|iPhoneSimulator.ActiveCfg = Debug|Any CPU
		{9521CAA5-DEEB-4772-A9DF-4F6BF443F39D}.Debug|iPhoneSimulator.Build.0 = Debug|Any CPU
		{9521CAA5-DEEB-4772-A9DF-4F6BF443F39D}.Debug|iPhoneSimulator.Deploy.0 = Debug|Any CPU
		{9521CAA5-DEEB-4772-A9DF-4F6BF443F39D}.Release|Any CPU.ActiveCfg = Release|Any CPU
		{9521CAA5-DEEB-4772-A9DF-4F6BF443F39D}.Release|Any CPU.Build.0 = Release|Any CPU
		{9521CAA5-DEEB-4772-A9DF-4F6BF443F39D}.Release|Any CPU.Deploy.0 = Release|Any CPU
		{9521CAA5-DEEB-4772-A9DF-4F6BF443F39D}.Release|iPhone.ActiveCfg = Release|Any CPU
		{9521CAA5-DEEB-4772-A9DF-4F6BF443F39D}.Release|iPhone.Build.0 = Release|Any CPU
		{9521CAA5-DEEB-4772-A9DF-4F6BF443F39D}.Release|iPhone.Deploy.0 = Release|Any CPU
		{9521CAA5-DEEB-4772-A9DF-4F6BF443F39D}.Release|iPhoneSimulator.ActiveCfg = Release|Any CPU
		{9521CAA5-DEEB-4772-A9DF-4F6BF443F39D}.Release|iPhoneSimulator.Build.0 = Release|Any CPU
		{9521CAA5-DEEB-4772-A9DF-4F6BF443F39D}.Release|iPhoneSimulator.Deploy.0 = Release|Any CPU
		{0903A2E7-ACDF-42B0-B3E0-31B064A8964C}.Debug|Any CPU.ActiveCfg = Debug|iPhone
		{0903A2E7-ACDF-42B0-B3E0-31B064A8964C}.Debug|Any CPU.Build.0 = Debug|iPhone
		{0903A2E7-ACDF-42B0-B3E0-31B064A8964C}.Debug|Any CPU.Deploy.0 = Debug|iPhone
		{0903A2E7-ACDF-42B0-B3E0-31B064A8964C}.Debug|iPhone.ActiveCfg = Debug|iPhone
		{0903A2E7-ACDF-42B0-B3E0-31B064A8964C}.Debug|iPhone.Build.0 = Debug|iPhone
		{0903A2E7-ACDF-42B0-B3E0-31B064A8964C}.Debug|iPhone.Deploy.0 = Debug|iPhone
		{0903A2E7-ACDF-42B0-B3E0-31B064A8964C}.Debug|iPhoneSimulator.ActiveCfg = Debug|iPhoneSimulator
		{0903A2E7-ACDF-42B0-B3E0-31B064A8964C}.Debug|iPhoneSimulator.Build.0 = Debug|iPhoneSimulator
		{0903A2E7-ACDF-42B0-B3E0-31B064A8964C}.Debug|iPhoneSimulator.Deploy.0 = Debug|iPhoneSimulator
		{0903A2E7-ACDF-42B0-B3E0-31B064A8964C}.Release|Any CPU.ActiveCfg = Release|iPhoneSimulator
		{0903A2E7-ACDF-42B0-B3E0-31B064A8964C}.Release|Any CPU.Build.0 = Release|iPhoneSimulator
		{0903A2E7-ACDF-42B0-B3E0-31B064A8964C}.Release|Any CPU.Deploy.0 = Release|iPhoneSimulator
		{0903A2E7-ACDF-42B0-B3E0-31B064A8964C}.Release|iPhone.ActiveCfg = Release|iPhone
		{0903A2E7-ACDF-42B0-B3E0-31B064A8964C}.Release|iPhone.Build.0 = Release|iPhone
		{0903A2E7-ACDF-42B0-B3E0-31B064A8964C}.Release|iPhone.Deploy.0 = Release|iPhone
		{0903A2E7-ACDF-42B0-B3E0-31B064A8964C}.Release|iPhoneSimulator.ActiveCfg = Release|iPhoneSimulator
		{0903A2E7-ACDF-42B0-B3E0-31B064A8964C}.Release|iPhoneSimulator.Build.0 = Release|iPhoneSimulator
		{0903A2E7-ACDF-42B0-B3E0-31B064A8964C}.Release|iPhoneSimulator.Deploy.0 = Release|iPhoneSimulator
		{441DC81E-E69B-4457-93CD-55FF36333712}.Debug|Any CPU.ActiveCfg = Debug|Any CPU
		{441DC81E-E69B-4457-93CD-55FF36333712}.Debug|Any CPU.Build.0 = Debug|Any CPU
		{441DC81E-E69B-4457-93CD-55FF36333712}.Debug|Any CPU.Deploy.0 = Debug|Any CPU
		{441DC81E-E69B-4457-93CD-55FF36333712}.Debug|iPhone.ActiveCfg = Debug|Any CPU
		{441DC81E-E69B-4457-93CD-55FF36333712}.Debug|iPhone.Build.0 = Debug|Any CPU
		{441DC81E-E69B-4457-93CD-55FF36333712}.Debug|iPhone.Deploy.0 = Debug|Any CPU
		{441DC81E-E69B-4457-93CD-55FF36333712}.Debug|iPhoneSimulator.ActiveCfg = Debug|Any CPU
		{441DC81E-E69B-4457-93CD-55FF36333712}.Debug|iPhoneSimulator.Build.0 = Debug|Any CPU
		{441DC81E-E69B-4457-93CD-55FF36333712}.Debug|iPhoneSimulator.Deploy.0 = Debug|Any CPU
		{441DC81E-E69B-4457-93CD-55FF36333712}.Release|Any CPU.ActiveCfg = Release|Any CPU
		{441DC81E-E69B-4457-93CD-55FF36333712}.Release|Any CPU.Build.0 = Release|Any CPU
		{441DC81E-E69B-4457-93CD-55FF36333712}.Release|Any CPU.Deploy.0 = Release|Any CPU
		{441DC81E-E69B-4457-93CD-55FF36333712}.Release|iPhone.ActiveCfg = Release|Any CPU
		{441DC81E-E69B-4457-93CD-55FF36333712}.Release|iPhone.Build.0 = Release|Any CPU
		{441DC81E-E69B-4457-93CD-55FF36333712}.Release|iPhone.Deploy.0 = Release|Any CPU
		{441DC81E-E69B-4457-93CD-55FF36333712}.Release|iPhoneSimulator.ActiveCfg = Release|Any CPU
		{441DC81E-E69B-4457-93CD-55FF36333712}.Release|iPhoneSimulator.Build.0 = Release|Any CPU
		{441DC81E-E69B-4457-93CD-55FF36333712}.Release|iPhoneSimulator.Deploy.0 = Release|Any CPU
	EndGlobalSection
	GlobalSection(SolutionProperties) = preSolution
		HideSolutionNode = FALSE
	EndGlobalSection
	GlobalSection(ExtensibilityGlobals) = postSolution
		SolutionGuid = {3CB75063-84DA-41DD-8C93-6F7CBEC9F3F5}
	EndGlobalSection
EndGlobal
